
Microsoft Visual Studio Solution File, Format Version 12.00
# Visual Studio 2013
VisualStudioVersion = 12.0.21005.1
MinimumVisualStudioVersion = 10.0.40219.1
Project("{FAE04EC0-301F-11D3-BF4B-00C04F79EFBC}") = "Zadaca 2 RPR", "Zadaca 2 RPR\Zadaca 2 RPR.csproj", "{DE2211A9-EC71-4570-8637-F509E0BF51B5}"
EndProject
Project("{FAE04EC0-301F-11D3-BF4B-00C04F79EFBC}") = "DodatniPodaci", "DodatniPodaci\DodatniPodaci.csproj", "{B6CB7A0B-E536-49F3-8DCE-370EA27B5B9D}"
EndProject
Project("{FAE04EC0-301F-11D3-BF4B-00C04F79EFBC}") = "InformacijeOVremenu", "InformacijeOVremenu\InformacijeOVremenu.csproj", "{1A36A4D0-FFFD-41D2-9241-F768347CCBC7}"
EndProject
Global
	GlobalSection(SolutionConfigurationPlatforms) = preSolution
		Debug|Any CPU = Debug|Any CPU
		Release|Any CPU = Release|Any CPU
	EndGlobalSection
	GlobalSection(ProjectConfigurationPlatforms) = postSolution
		{DE2211A9-EC71-4570-8637-F509E0BF51B5}.Debug|Any CPU.ActiveCfg = Debug|Any CPU
		{DE2211A9-EC71-4570-8637-F509E0BF51B5}.Debug|Any CPU.Build.0 = Debug|Any CPU
		{DE2211A9-EC71-4570-8637-F509E0BF51B5}.Release|Any CPU.ActiveCfg = Release|Any CPU
		{DE2211A9-EC71-4570-8637-F509E0BF51B5}.Release|Any CPU.Build.0 = Release|Any CPU
		{B6CB7A0B-E536-49F3-8DCE-370EA27B5B9D}.Debug|Any CPU.ActiveCfg = Debug|Any CPU
		{B6CB7A0B-E536-49F3-8DCE-370EA27B5B9D}.Debug|Any CPU.Build.0 = Debug|Any CPU
		{B6CB7A0B-E536-49F3-8DCE-370EA27B5B9D}.Release|Any CPU.ActiveCfg = Release|Any CPU
		{B6CB7A0B-E536-49F3-8DCE-370EA27B5B9D}.Release|Any CPU.Build.0 = Release|Any CPU
		{1A36A4D0-FFFD-41D2-9241-F768347CCBC7}.Debug|Any CPU.ActiveCfg = Debug|Any CPU
		{1A36A4D0-FFFD-41D2-9241-F768347CCBC7}.Debug|Any CPU.Build.0 = Debug|Any CPU
		{1A36A4D0-FFFD-41D2-9241-F768347CCBC7}.Release|Any CPU.ActiveCfg = Release|Any CPU
		{1A36A4D0-FFFD-41D2-9241-F768347CCBC7}.Release|Any CPU.Build.0 = Release|Any CPU
	EndGlobalSection
	GlobalSection(SolutionProperties) = preSolution
		HideSolutionNode = FALSE
	EndGlobalSection
EndGlobal
